
Microsoft Visual Studio Solution File, Format Version 11.00
# Visual Studio 2010
Project("{8BC9CEB8-8B4A-11D0-8D11-00A0C91BC942}") = "Many_Dialog_Bar", "Many_Dialog_Bar\Many_Dialog_Bar.vcxproj", "{13DA9707-D6DB-4EE5-AE0A-94A91B237D16}"
EndProject
Global
	GlobalSection(SolutionConfigurationPlatforms) = preSolution
		Debug|Win32 = Debug|Win32
		Release|Win32 = Release|Win32
	EndGlobalSection
	GlobalSection(ProjectConfigurationPlatforms) = postSolution
		{13DA9707-D6DB-4EE5-AE0A-94A91B237D16}.Debug|Win32.ActiveCfg = Debug|Win32
		{13DA9707-D6DB-4EE5-AE0A-94A91B237D16}.Debug|Win32.Build.0 = Debug|Win32
		{13DA9707-D6DB-4EE5-AE0A-94A91B237D16}.Release|Win32.ActiveCfg = Release|Win32
		{13DA9707-D6DB-4EE5-AE0A-94A91B237D16}.Release|Win32.Build.0 = Release|Win32
	EndGlobalSection
	GlobalSection(SolutionProperties) = preSolution
		HideSolutionNode = FALSE
	EndGlobalSection
EndGlobal
