
Microsoft Visual Studio Solution File, Format Version 11.00
# Visual Studio 2010
Project("{8BC9CEB8-8B4A-11D0-8D11-00A0C91BC942}") = "ComStudy_OpenIE", "ComStudy_OpenIE\ComStudy_OpenIE.vcxproj", "{18A6CFC3-D3C6-4DC2-93B4-4A12E97C699A}"
EndProject
Global
	GlobalSection(SolutionConfigurationPlatforms) = preSolution
		Debug|Win32 = Debug|Win32
		Release|Win32 = Release|Win32
	EndGlobalSection
	GlobalSection(ProjectConfigurationPlatforms) = postSolution
		{18A6CFC3-D3C6-4DC2-93B4-4A12E97C699A}.Debug|Win32.ActiveCfg = Debug|Win32
		{18A6CFC3-D3C6-4DC2-93B4-4A12E97C699A}.Debug|Win32.Build.0 = Debug|Win32
		{18A6CFC3-D3C6-4DC2-93B4-4A12E97C699A}.Release|Win32.ActiveCfg = Release|Win32
		{18A6CFC3-D3C6-4DC2-93B4-4A12E97C699A}.Release|Win32.Build.0 = Release|Win32
	EndGlobalSection
	GlobalSection(SolutionProperties) = preSolution
		HideSolutionNode = FALSE
	EndGlobalSection
EndGlobal
