
Microsoft Visual Studio Solution File, Format Version 11.00
# Visual Studio 2010
Project("{8BC9CEB8-8B4A-11D0-8D11-00A0C91BC942}") = "Text_Editor", "Text_Editor\Text_Editor.vcxproj", "{DC745557-087E-4ECE-9359-690E39B7C469}"
EndProject
Global
	GlobalSection(SolutionConfigurationPlatforms) = preSolution
		Debug|Win32 = Debug|Win32
		Release|Win32 = Release|Win32
	EndGlobalSection
	GlobalSection(ProjectConfigurationPlatforms) = postSolution
		{DC745557-087E-4ECE-9359-690E39B7C469}.Debug|Win32.ActiveCfg = Debug|Win32
		{DC745557-087E-4ECE-9359-690E39B7C469}.Debug|Win32.Build.0 = Debug|Win32
		{DC745557-087E-4ECE-9359-690E39B7C469}.Release|Win32.ActiveCfg = Release|Win32
		{DC745557-087E-4ECE-9359-690E39B7C469}.Release|Win32.Build.0 = Release|Win32
	EndGlobalSection
	GlobalSection(SolutionProperties) = preSolution
		HideSolutionNode = FALSE
	EndGlobalSection
EndGlobal
